Microsoft Visual Studio Solution File, Format Version 12.00
# Visual Studio Express 2012 for Windows Desktop
Project("{2150E333-8FDC-42A3-9474-1A3956D46DE8}") = "SLF", "SLF", "{0C80A341-45E9-4FD0-87F6-65976DEF71AB}"
EndProject
Project("{2150E333-8FDC-42A3-9474-1A3956D46DE8}") = "TypeSystems", "TypeSystems", "{C83E49F5-9884-4A95-BB30-E3138DC4FF86}"
EndProject
Project("{2150E333-8FDC-42A3-9474-1A3956D46DE8}") = "AST", "AST", "{460F9AF5-9236-4661-B1AD-42E5CB44CABD}"
EndProject
Project("{2150E333-8FDC-42A3-9474-1A3956D46DE8}") = "Languages", "Languages", "{C125AC66-5C9E-4B81-80B2-C9D2D72F9DB7}"
EndProject
Project("{FAE04EC0-301F-11D3-BF4B-00C04F79EFBC}") = "Ownerdrawn Controls", "UI\Ownerdrawn Controls\Ownerdrawn Controls.csproj", "{C39FCBDC-EDED-4327-95BA-3B494FA59A8E}"
EndProject
Project("{FAE04EC0-301F-11D3-BF4B-00C04F79EFBC}") = "Common Utilities", "Utilities\Common\Common Utilities.csproj", "{B449E1F5-149C-4F47-BBFC-A82EEE96471A}"
EndProject
Project("{FAE04EC0-301F-11D3-BF4B-00C04F79EFBC}") = "TypeSystem Abstract", "SLF\TypeSystems\Abstract\TypeSystem Abstract.csproj", "{161EAA8C-20C6-4B82-925A-4B8B112910AB}"
EndProject
Project("{2150E333-8FDC-42A3-9474-1A3956D46DE8}") = "Supplementary Projects", "Supplementary Projects", "{68E33B8D-8D5C-436B-881C-4EC52CC7723D}"
EndProject
Project("{2150E333-8FDC-42A3-9474-1A3956D46DE8}") = "Metadata", "Metadata", "{AC68F9CE-24E8-450C-B1DA-FF94F41B3C87}"
EndProject
Project("{FAE04EC0-301F-11D3-BF4B-00C04F79EFBC}") = "Metadata Library", "SLF\Metadata\Metadata Library\Metadata Library.csproj", "{A94A88DA-2500-4372-A433-A07AC3BFA05F}"
EndProject
Project("{FAE04EC0-301F-11D3-BF4B-00C04F79EFBC}") = "Abstraction Compiler Services", "SLF\Compilers\Abstraction Compiler Services\Abstraction Compiler Services.csproj", "{DF6044A9-AE48-4AC2-A170-EB839BB0058C}"
EndProject
Project("{2150E333-8FDC-42A3-9474-1A3956D46DE8}") = "Utilities", "Utilities", "{A41A6D9F-4200-493E-9F33-6E7BF4CD7A01}"
EndProject
Project("{FAE04EC0-301F-11D3-BF4B-00C04F79EFBC}") = "Finite Automation", "Utilities\FiniteAutomation\Finite Automation.csproj", "{ECC67B87-6EBA-4F40-BAAE-FE838FF8AFA3}"
EndProject
Project("{2150E333-8FDC-42A3-9474-1A3956D46DE8}") = "UI", "UI", "{FBCCA75F-27CA-47E3-ADCD-056E0ECF9DFE}"
EndProject
Project("{2150E333-8FDC-42A3-9474-1A3956D46DE8}") = "Compilers", "Compilers", "{B16F1D40-CD01-4A5F-ACB3-ED372A1358CD}"
EndProject
Project("{FAE04EC0-301F-11D3-BF4B-00C04F79EFBC}") = "Ecma-335 Common Type System", "SLF\TypeSystems\Ecma-335 Common Type System\Ecma-335 Common Type System.csproj", "{D455D4FF-54FD-431E-BD27-43DA130A0FAA}"
EndProject
Project("{FAE04EC0-301F-11D3-BF4B-00C04F79EFBC}") = "Type System Test - CLI", "Supplementary Projects\Cli Type System Test\Type System Test - CLI.csproj", "{54398E20-2E0F-4E98-8670-69C89B346CB0}"
EndProject
Project("{FAE04EC0-301F-11D3-BF4B-00C04F79EFBC}") = "Abstract Syntax Tree", "SLF\Ast\Abstract Syntax Tree.csproj", "{02607DC2-E98B-43AE-B906-FE151A70A68D}"
EndProject
Project("{FAE04EC0-301F-11D3-BF4B-00C04F79EFBC}") = "CSharp", "SLF\Languages\CSharp\CSharp.csproj", "{A5E27B08-E854-40D5-B88B-0F10D1CA64AF}"
EndProject
Project("{FAE04EC0-301F-11D3-BF4B-00C04F79EFBC}") = "VisualBasic.NET", "SLF\Languages\VisualBasic.NET\VisualBasic.NET.csproj", "{9C89419D-F2A1-4882-8408-6708A038E025}"
EndProject
Global
	GlobalSection(TeamFoundationVersionControl) = preSolution
		SccNumberOfProjects = 12
		SccEnterpriseProvider = {4CA58AB2-18FA-4F8D-95D4-32DDF27D184C}
		SccTeamFoundationServer = https://tfs.codeplex.com/tfs/tfs12
		SccLocalPath0 = .
		SccProjectUniqueName1 = SLF\\Ast\\Abstract\u0020Syntax\u0020Tree.csproj
		SccProjectTopLevelParentUniqueName1 = Abstraction.sln
		SccProjectName1 = SLF/Ast
		SccLocalPath1 = SLF\\Ast
		SccProjectUniqueName2 = SLF\\Compilers\\Abstraction\u0020Compiler\u0020Services\\Abstraction\u0020Compiler\u0020Services.csproj
		SccProjectTopLevelParentUniqueName2 = Abstraction.sln
		SccProjectName2 = SLF/Compilers/Abstraction\u0020Compiler\u0020Services
		SccLocalPath2 = SLF\\Compilers\\Abstraction\u0020Compiler\u0020Services
		SccProjectUniqueName3 = SLF\\Metadata\\Metadata\u0020Library\\Metadata\u0020Library.csproj
		SccProjectTopLevelParentUniqueName3 = Abstraction.sln
		SccProjectName3 = SLF/Metadata/Metadata\u0020Library
		SccLocalPath3 = SLF\\Metadata\\Metadata\u0020Library
		SccProjectUniqueName4 = SLF\\TypeSystems\\Abstract\\TypeSystem\u0020Abstract.csproj
		SccProjectTopLevelParentUniqueName4 = Abstraction.sln
		SccProjectName4 = SLF/TypeSystems/Abstract
		SccLocalPath4 = SLF\\TypeSystems\\Abstract
		SccProjectUniqueName5 = SLF\\TypeSystems\\Ecma-335\u0020Common\u0020Type\u0020System\\Ecma-335\u0020Common\u0020Type\u0020System.csproj
		SccProjectTopLevelParentUniqueName5 = Abstraction.sln
		SccProjectName5 = SLF/TypeSystems/Ecma-335\u0020Common\u0020Type\u0020System
		SccLocalPath5 = SLF\\TypeSystems\\Ecma-335\u0020Common\u0020Type\u0020System
		SccProjectUniqueName6 = Supplementary\u0020Projects\\Cli\u0020Type\u0020System\u0020Test\\Type\u0020System\u0020Test\u0020-\u0020CLI.csproj
		SccProjectTopLevelParentUniqueName6 = Abstraction.sln
		SccProjectName6 = Supplementary\u0020Projects/Cli\u0020Type\u0020System\u0020Test
		SccLocalPath6 = Supplementary\u0020Projects\\Cli\u0020Type\u0020System\u0020Test
		SccProjectUniqueName7 = UI\\Ownerdrawn\u0020Controls\\Ownerdrawn\u0020Controls.csproj
		SccProjectTopLevelParentUniqueName7 = Abstraction.sln
		SccProjectName7 = UI/Ownerdrawn\u0020Controls
		SccLocalPath7 = UI\\Ownerdrawn\u0020Controls
		SccProjectUniqueName8 = Utilities\\Common\\Common\u0020Utilities.csproj
		SccProjectTopLevelParentUniqueName8 = Abstraction.sln
		SccProjectName8 = Utilities/Common
		SccLocalPath8 = Utilities\\Common
		SccProjectUniqueName9 = Utilities\\FiniteAutomation\\Finite\u0020Automation.csproj
		SccProjectTopLevelParentUniqueName9 = Abstraction.sln
		SccProjectName9 = Utilities/FiniteAutomation
		SccLocalPath9 = Utilities\\FiniteAutomation
		SccProjectUniqueName10 = SLF\\Languages\\CSharp\\CSharp.csproj
		SccProjectTopLevelParentUniqueName10 = Abstraction.sln
		SccProjectName10 = SLF/Languages/CSharp
		SccLocalPath10 = SLF\\Languages\\CSharp
		SccProjectUniqueName11 = SLF\\Languages\\VisualBasic.NET\\VisualBasic.NET.csproj
		SccProjectTopLevelParentUniqueName11 = Abstraction.sln
		SccProjectName11 = SLF/Languages/VisualBasic.NET
		SccLocalPath11 = SLF\\Languages\\VisualBasic.NET
	EndGlobalSection
	GlobalSection(SolutionConfigurationPlatforms) = preSolution
		Debug|x64 = Debug|x64
		Debug|x86 = Debug|x86
		Release|x64 = Release|x64
		Release|x86 = Release|x86
		Description = The Abstraction Project
	EndGlobalSection
	GlobalSection(ProjectConfigurationPlatforms) = postSolution
		{C39FCBDC-EDED-4327-95BA-3B494FA59A8E}.Debug|x64.ActiveCfg = Debug|x64
		{C39FCBDC-EDED-4327-95BA-3B494FA59A8E}.Debug|x64.Build.0 = Debug|x64
		{C39FCBDC-EDED-4327-95BA-3B494FA59A8E}.Debug|x86.ActiveCfg = Debug|x86
		{C39FCBDC-EDED-4327-95BA-3B494FA59A8E}.Debug|x86.Build.0 = Debug|x86
		{C39FCBDC-EDED-4327-95BA-3B494FA59A8E}.Release|x64.ActiveCfg = Release|x64
		{C39FCBDC-EDED-4327-95BA-3B494FA59A8E}.Release|x64.Build.0 = Release|x64
		{C39FCBDC-EDED-4327-95BA-3B494FA59A8E}.Release|x86.ActiveCfg = Release|x86
		{C39FCBDC-EDED-4327-95BA-3B494FA59A8E}.Release|x86.Build.0 = Release|x86
		{B449E1F5-149C-4F47-BBFC-A82EEE96471A}.Debug|x64.ActiveCfg = Debug|x64
		{B449E1F5-149C-4F47-BBFC-A82EEE96471A}.Debug|x64.Build.0 = Debug|x64
		{B449E1F5-149C-4F47-BBFC-A82EEE96471A}.Debug|x86.ActiveCfg = Debug|x86
		{B449E1F5-149C-4F47-BBFC-A82EEE96471A}.Debug|x86.Build.0 = Debug|x86
		{B449E1F5-149C-4F47-BBFC-A82EEE96471A}.Release|x64.ActiveCfg = Release|x64
		{B449E1F5-149C-4F47-BBFC-A82EEE96471A}.Release|x64.Build.0 = Release|x64
		{B449E1F5-149C-4F47-BBFC-A82EEE96471A}.Release|x86.ActiveCfg = Release|x86
		{B449E1F5-149C-4F47-BBFC-A82EEE96471A}.Release|x86.Build.0 = Release|x86
		{161EAA8C-20C6-4B82-925A-4B8B112910AB}.Debug|x64.ActiveCfg = Debug|x64
		{161EAA8C-20C6-4B82-925A-4B8B112910AB}.Debug|x64.Build.0 = Debug|x64
		{161EAA8C-20C6-4B82-925A-4B8B112910AB}.Debug|x86.ActiveCfg = Debug|x86
		{161EAA8C-20C6-4B82-925A-4B8B112910AB}.Debug|x86.Build.0 = Debug|x86
		{161EAA8C-20C6-4B82-925A-4B8B112910AB}.Release|x64.ActiveCfg = Release|x64
		{161EAA8C-20C6-4B82-925A-4B8B112910AB}.Release|x64.Build.0 = Release|x64
		{161EAA8C-20C6-4B82-925A-4B8B112910AB}.Release|x86.ActiveCfg = Release|x86
		{161EAA8C-20C6-4B82-925A-4B8B112910AB}.Release|x86.Build.0 = Release|x86
		{A94A88DA-2500-4372-A433-A07AC3BFA05F}.Debug|x64.ActiveCfg = Debug|x64
		{A94A88DA-2500-4372-A433-A07AC3BFA05F}.Debug|x64.Build.0 = Debug|x64
		{A94A88DA-2500-4372-A433-A07AC3BFA05F}.Debug|x86.ActiveCfg = Debug|x86
		{A94A88DA-2500-4372-A433-A07AC3BFA05F}.Debug|x86.Build.0 = Debug|x86
		{A94A88DA-2500-4372-A433-A07AC3BFA05F}.Release|x64.ActiveCfg = Release|x64
		{A94A88DA-2500-4372-A433-A07AC3BFA05F}.Release|x64.Build.0 = Release|x64
		{A94A88DA-2500-4372-A433-A07AC3BFA05F}.Release|x86.ActiveCfg = Release|x86
		{A94A88DA-2500-4372-A433-A07AC3BFA05F}.Release|x86.Build.0 = Release|x86
		{DF6044A9-AE48-4AC2-A170-EB839BB0058C}.Debug|x64.ActiveCfg = Debug|x64
		{DF6044A9-AE48-4AC2-A170-EB839BB0058C}.Debug|x64.Build.0 = Debug|x64
		{DF6044A9-AE48-4AC2-A170-EB839BB0058C}.Debug|x86.ActiveCfg = Debug|x86
		{DF6044A9-AE48-4AC2-A170-EB839BB0058C}.Debug|x86.Build.0 = Debug|x86
		{DF6044A9-AE48-4AC2-A170-EB839BB0058C}.Release|x64.ActiveCfg = Release|x64
		{DF6044A9-AE48-4AC2-A170-EB839BB0058C}.Release|x64.Build.0 = Release|x64
		{DF6044A9-AE48-4AC2-A170-EB839BB0058C}.Release|x86.ActiveCfg = Release|x86
		{DF6044A9-AE48-4AC2-A170-EB839BB0058C}.Release|x86.Build.0 = Release|x86
		{ECC67B87-6EBA-4F40-BAAE-FE838FF8AFA3}.Debug|x64.ActiveCfg = Debug|x64
		{ECC67B87-6EBA-4F40-BAAE-FE838FF8AFA3}.Debug|x64.Build.0 = Debug|x64
		{ECC67B87-6EBA-4F40-BAAE-FE838FF8AFA3}.Debug|x86.ActiveCfg = Debug|x86
		{ECC67B87-6EBA-4F40-BAAE-FE838FF8AFA3}.Debug|x86.Build.0 = Debug|x86
		{ECC67B87-6EBA-4F40-BAAE-FE838FF8AFA3}.Release|x64.ActiveCfg = Release|x64
		{ECC67B87-6EBA-4F40-BAAE-FE838FF8AFA3}.Release|x64.Build.0 = Release|x64
		{ECC67B87-6EBA-4F40-BAAE-FE838FF8AFA3}.Release|x86.ActiveCfg = Release|x86
		{ECC67B87-6EBA-4F40-BAAE-FE838FF8AFA3}.Release|x86.Build.0 = Release|x86
		{D455D4FF-54FD-431E-BD27-43DA130A0FAA}.Debug|x64.ActiveCfg = Debug|x64
		{D455D4FF-54FD-431E-BD27-43DA130A0FAA}.Debug|x64.Build.0 = Debug|x64
		{D455D4FF-54FD-431E-BD27-43DA130A0FAA}.Debug|x86.ActiveCfg = Debug|x86
		{D455D4FF-54FD-431E-BD27-43DA130A0FAA}.Debug|x86.Build.0 = Debug|x86
		{D455D4FF-54FD-431E-BD27-43DA130A0FAA}.Release|x64.ActiveCfg = Release|x64
		{D455D4FF-54FD-431E-BD27-43DA130A0FAA}.Release|x64.Build.0 = Release|x64
		{D455D4FF-54FD-431E-BD27-43DA130A0FAA}.Release|x86.ActiveCfg = Release|x86
		{D455D4FF-54FD-431E-BD27-43DA130A0FAA}.Release|x86.Build.0 = Release|x86
		{54398E20-2E0F-4E98-8670-69C89B346CB0}.Debug|x64.ActiveCfg = Debug|x64
		{54398E20-2E0F-4E98-8670-69C89B346CB0}.Debug|x64.Build.0 = Debug|x64
		{54398E20-2E0F-4E98-8670-69C89B346CB0}.Debug|x86.ActiveCfg = Debug|x86
		{54398E20-2E0F-4E98-8670-69C89B346CB0}.Debug|x86.Build.0 = Debug|x86
		{54398E20-2E0F-4E98-8670-69C89B346CB0}.Release|x64.ActiveCfg = Release|x64
		{54398E20-2E0F-4E98-8670-69C89B346CB0}.Release|x64.Build.0 = Release|x64
		{54398E20-2E0F-4E98-8670-69C89B346CB0}.Release|x86.ActiveCfg = Release|x86
		{54398E20-2E0F-4E98-8670-69C89B346CB0}.Release|x86.Build.0 = Release|x86
		{02607DC2-E98B-43AE-B906-FE151A70A68D}.Debug|x64.ActiveCfg = Debug|x64
		{02607DC2-E98B-43AE-B906-FE151A70A68D}.Debug|x64.Build.0 = Debug|x64
		{02607DC2-E98B-43AE-B906-FE151A70A68D}.Debug|x86.ActiveCfg = Debug|x86
		{02607DC2-E98B-43AE-B906-FE151A70A68D}.Debug|x86.Build.0 = Debug|x86
		{02607DC2-E98B-43AE-B906-FE151A70A68D}.Release|x64.ActiveCfg = Release|x64
		{02607DC2-E98B-43AE-B906-FE151A70A68D}.Release|x64.Build.0 = Release|x64
		{02607DC2-E98B-43AE-B906-FE151A70A68D}.Release|x86.ActiveCfg = Release|x86
		{02607DC2-E98B-43AE-B906-FE151A70A68D}.Release|x86.Build.0 = Release|x86
		{A5E27B08-E854-40D5-B88B-0F10D1CA64AF}.Debug|x64.ActiveCfg = Debug|x64
		{A5E27B08-E854-40D5-B88B-0F10D1CA64AF}.Debug|x64.Build.0 = Debug|x64
		{A5E27B08-E854-40D5-B88B-0F10D1CA64AF}.Debug|x86.ActiveCfg = Debug|x86
		{A5E27B08-E854-40D5-B88B-0F10D1CA64AF}.Debug|x86.Build.0 = Debug|x86
		{A5E27B08-E854-40D5-B88B-0F10D1CA64AF}.Release|x64.ActiveCfg = Release|x64
		{A5E27B08-E854-40D5-B88B-0F10D1CA64AF}.Release|x64.Build.0 = Release|x64
		{A5E27B08-E854-40D5-B88B-0F10D1CA64AF}.Release|x86.ActiveCfg = Release|x86
		{A5E27B08-E854-40D5-B88B-0F10D1CA64AF}.Release|x86.Build.0 = Release|x86
		{9C89419D-F2A1-4882-8408-6708A038E025}.Debug|x64.ActiveCfg = Debug|x64
		{9C89419D-F2A1-4882-8408-6708A038E025}.Debug|x64.Build.0 = Debug|x64
		{9C89419D-F2A1-4882-8408-6708A038E025}.Debug|x86.ActiveCfg = Debug|x86
		{9C89419D-F2A1-4882-8408-6708A038E025}.Debug|x86.Build.0 = Debug|x86
		{9C89419D-F2A1-4882-8408-6708A038E025}.Release|x64.ActiveCfg = Release|x64
		{9C89419D-F2A1-4882-8408-6708A038E025}.Release|x64.Build.0 = Release|x64
		{9C89419D-F2A1-4882-8408-6708A038E025}.Release|x86.ActiveCfg = Release|x86
		{9C89419D-F2A1-4882-8408-6708A038E025}.Release|x86.Build.0 = Release|x86
	EndGlobalSection
	GlobalSection(SolutionProperties) = preSolution
		HideSolutionNode = FALSE
	EndGlobalSection
	GlobalSection(NestedProjects) = preSolution
		{C83E49F5-9884-4A95-BB30-E3138DC4FF86} = {0C80A341-45E9-4FD0-87F6-65976DEF71AB}
		{460F9AF5-9236-4661-B1AD-42E5CB44CABD} = {0C80A341-45E9-4FD0-87F6-65976DEF71AB}
		{C125AC66-5C9E-4B81-80B2-C9D2D72F9DB7} = {0C80A341-45E9-4FD0-87F6-65976DEF71AB}
		{AC68F9CE-24E8-450C-B1DA-FF94F41B3C87} = {0C80A341-45E9-4FD0-87F6-65976DEF71AB}
		{B16F1D40-CD01-4A5F-ACB3-ED372A1358CD} = {0C80A341-45E9-4FD0-87F6-65976DEF71AB}
		{161EAA8C-20C6-4B82-925A-4B8B112910AB} = {C83E49F5-9884-4A95-BB30-E3138DC4FF86}
		{D455D4FF-54FD-431E-BD27-43DA130A0FAA} = {C83E49F5-9884-4A95-BB30-E3138DC4FF86}
		{02607DC2-E98B-43AE-B906-FE151A70A68D} = {460F9AF5-9236-4661-B1AD-42E5CB44CABD}
		{A5E27B08-E854-40D5-B88B-0F10D1CA64AF} = {C125AC66-5C9E-4B81-80B2-C9D2D72F9DB7}
		{9C89419D-F2A1-4882-8408-6708A038E025} = {C125AC66-5C9E-4B81-80B2-C9D2D72F9DB7}
		{C39FCBDC-EDED-4327-95BA-3B494FA59A8E} = {FBCCA75F-27CA-47E3-ADCD-056E0ECF9DFE}
		{B449E1F5-149C-4F47-BBFC-A82EEE96471A} = {A41A6D9F-4200-493E-9F33-6E7BF4CD7A01}
		{ECC67B87-6EBA-4F40-BAAE-FE838FF8AFA3} = {A41A6D9F-4200-493E-9F33-6E7BF4CD7A01}
		{54398E20-2E0F-4E98-8670-69C89B346CB0} = {68E33B8D-8D5C-436B-881C-4EC52CC7723D}
		{A94A88DA-2500-4372-A433-A07AC3BFA05F} = {AC68F9CE-24E8-450C-B1DA-FF94F41B3C87}
		{DF6044A9-AE48-4AC2-A170-EB839BB0058C} = {B16F1D40-CD01-4A5F-ACB3-ED372A1358CD}
	EndGlobalSection
EndGlobal
