Microsoft Visual Studio Solution File, Format Version 11.00
# Visual Studio 2010
Project("{2150E333-8FDC-42A3-9474-1A3956D46DE8}") = "SLF", "SLF", "{0C80A341-45E9-4FD0-87F6-65976DEF71AB}"
EndProject
Project("{2150E333-8FDC-42A3-9474-1A3956D46DE8}") = "TypeSystems", "TypeSystems", "{C83E49F5-9884-4A95-BB30-E3138DC4FF86}"
EndProject
Project("{2150E333-8FDC-42A3-9474-1A3956D46DE8}") = "AST", "AST", "{460F9AF5-9236-4661-B1AD-42E5CB44CABD}"
EndProject
Project("{2150E333-8FDC-42A3-9474-1A3956D46DE8}") = "Languages", "Languages", "{C125AC66-5C9E-4B81-80B2-C9D2D72F9DB7}"
EndProject
Project("{FAE04EC0-301F-11D3-BF4B-00C04F79EFBC}") = "Ownerdrawn Controls", "Ownerdrawn Controls\Ownerdrawn Controls.csproj", "{C39FCBDC-EDED-4327-95BA-3B494FA59A8E}"
EndProject
Project("{FAE04EC0-301F-11D3-BF4B-00C04F79EFBC}") = "Common Utilities", "Utilities\Common Utilities.csproj", "{B449E1F5-149C-4F47-BBFC-A82EEE96471A}"
EndProject
Project("{FAE04EC0-301F-11D3-BF4B-00C04F79EFBC}") = "TypeSystem Abstract", "SLF\TypeSystems\Abstract\TypeSystem Abstract.csproj", "{161EAA8C-20C6-4B82-925A-4B8B112910AB}"
EndProject
Project("{FAE04EC0-301F-11D3-BF4B-00C04F79EFBC}") = "Common Language Infrastructure", "SLF\TypeSystems\Common Language Infrastructure\Common Language Infrastructure.csproj", "{4FF91A45-B361-4D8F-8C5B-03D11E5291E6}"
EndProject
Project("{FAE04EC0-301F-11D3-BF4B-00C04F79EFBC}") = "Objectified Intermediate Language", "SLF\AST\Objectified Intermediate Language\Objectified Intermediate Language.csproj", "{02607DC2-E98B-43AE-B906-FE151A70A68D}"
EndProject
Project("{FAE04EC0-301F-11D3-BF4B-00C04F79EFBC}") = "Toy++", "SLF\Languages\Toy++\Toy++.csproj", "{DA55A92C-B4EE-4350-AC02-B6C25D795723}"
EndProject
Project("{FAE04EC0-301F-11D3-BF4B-00C04F79EFBC}") = "CSharp", "SLF\Languages\CSharp\CSharp.csproj", "{8B815295-30CD-4825-8634-155776DEEE14}"
EndProject
Project("{FAE04EC0-301F-11D3-BF4B-00C04F79EFBC}") = "OILexerParser", "SLF\Languages\OILexer\OILexerParser.csproj", "{886B34E8-755F-420C-8725-767EADD92996}"
EndProject
Project("{2150E333-8FDC-42A3-9474-1A3956D46DE8}") = "OILexer", "OILexer", "{78B6301A-658E-472A-9390-9E6B7EFD1CF6}"
EndProject
Project("{FAE04EC0-301F-11D3-BF4B-00C04F79EFBC}") = "OILexer", "SLF\Languages\OILexer\OILexer.csproj", "{0D009988-DE0E-4362-830D-7980BEB41F6F}"
EndProject
Project("{2150E333-8FDC-42A3-9474-1A3956D46DE8}") = "Solution Items", "Solution Items", "{B9443533-D474-42D0-B79B-63A95C8B37C4}"
	ProjectSection(SolutionItems) = preProject
		To Do.txt = To Do.txt
	EndProjectSection
EndProject
Project("{2150E333-8FDC-42A3-9474-1A3956D46DE8}") = "Supplementary Projects", "Supplementary Projects", "{68E33B8D-8D5C-436B-881C-4EC52CC7723D}"
EndProject
Project("{FAE04EC0-301F-11D3-BF4B-00C04F79EFBC}") = "Bug Test Application", "Supplementary Projects\Bug Test Application\Bug Test Application.csproj", "{6F404D32-4996-47B5-BADA-33BB8DD37160}"
EndProject
Project("{FAE04EC0-301F-11D3-BF4B-00C04F79EFBC}") = "VisualBasic.NET", "SLF\Languages\VisualBasic.NET\VisualBasic.NET.csproj", "{9C89419D-F2A1-4882-8408-6708A038E025}"
EndProject
Global
	GlobalSection(TeamFoundationVersionControl) = preSolution
		SccNumberOfProjects = 12
		SccEnterpriseProvider = {4CA58AB2-18FA-4F8D-95D4-32DDF27D184C}
		SccTeamFoundationServer = https://tfs.codeplex.com/tfs/tfs12
		SccLocalPath0 = .
		SccProjectUniqueName1 = Ownerdrawn\u0020Controls\\Ownerdrawn\u0020Controls.csproj
		SccProjectName1 = Ownerdrawn\u0020Controls
		SccLocalPath1 = Ownerdrawn\u0020Controls
		SccProjectUniqueName2 = Utilities\\Common\u0020Utilities.csproj
		SccProjectName2 = Utilities
		SccLocalPath2 = Utilities
		SccProjectUniqueName3 = SLF\\TypeSystems\\Abstract\\TypeSystem\u0020Abstract.csproj
		SccProjectTopLevelParentUniqueName3 = Abstraction.sln
		SccProjectName3 = SLF/TypeSystems/Abstract
		SccLocalPath3 = SLF\\TypeSystems\\Abstract
		SccProjectUniqueName4 = SLF\\TypeSystems\\Common\u0020Language\u0020Infrastructure\\Common\u0020Language\u0020Infrastructure.csproj
		SccProjectTopLevelParentUniqueName4 = Abstraction.sln
		SccProjectName4 = SLF/TypeSystems/Common\u0020Language\u0020Infrastructure
		SccLocalPath4 = SLF\\TypeSystems\\Common\u0020Language\u0020Infrastructure
		SccProjectUniqueName5 = SLF\\AST\\Objectified\u0020Intermediate\u0020Language\\Objectified\u0020Intermediate\u0020Language.csproj
		SccProjectTopLevelParentUniqueName5 = Abstraction.sln
		SccProjectName5 = SLF/AST/Objectified\u0020Intermediate\u0020Language
		SccLocalPath5 = SLF\\AST\\Objectified\u0020Intermediate\u0020Language
		SccProjectUniqueName6 = SLF\\Languages\\Toy++\\Toy++.csproj
		SccProjectTopLevelParentUniqueName6 = Abstraction.sln
		SccProjectName6 = SLF/Languages/Toy++
		SccLocalPath6 = SLF\\Languages\\Toy++
		SccProjectUniqueName7 = SLF\\Languages\\CSharp\\CSharp.csproj
		SccProjectTopLevelParentUniqueName7 = Abstraction.sln
		SccProjectName7 = SLF/Languages/CSharp
		SccLocalPath7 = SLF\\Languages\\CSharp
		SccProjectUniqueName8 = SLF\\Languages\\OILexer\\OILexerParser.csproj
		SccProjectTopLevelParentUniqueName8 = Abstraction.sln
		SccProjectName8 = SLF/Languages/OILexer
		SccLocalPath8 = SLF\\Languages\\OILexer
		SccProjectUniqueName9 = SLF\\Languages\\OILexer\\OILexer.csproj
		SccProjectTopLevelParentUniqueName9 = Abstraction.sln
		SccProjectName9 = SLF/Languages/OILexer
		SccLocalPath9 = SLF\\Languages\\OILexer
		SccProjectUniqueName10 = Supplementary\u0020Projects\\Bug\u0020Test\u0020Application\\Bug\u0020Test\u0020Application.csproj
		SccProjectTopLevelParentUniqueName10 = Abstraction.sln
		SccProjectName10 = Supplementary\u0020Projects/Bug\u0020Test\u0020Application
		SccLocalPath10 = Supplementary\u0020Projects\\Bug\u0020Test\u0020Application
		SccProjectUniqueName11 = SLF\\Languages\\VisualBasic.NET\\VisualBasic.NET.csproj
		SccProjectTopLevelParentUniqueName11 = Abstraction.sln
		SccProjectName11 = SLF/Languages/VisualBasic.NET
		SccLocalPath11 = SLF\\Languages\\VisualBasic.NET
	EndGlobalSection
	GlobalSection(SolutionConfigurationPlatforms) = preSolution
		Debug|x64 = Debug|x64
		Debug|x86 = Debug|x86
		Release|x64 = Release|x64
		Release|x86 = Release|x86
	EndGlobalSection
	GlobalSection(ProjectConfigurationPlatforms) = postSolution
		{C39FCBDC-EDED-4327-95BA-3B494FA59A8E}.Debug|x64.ActiveCfg = Debug|x64
		{C39FCBDC-EDED-4327-95BA-3B494FA59A8E}.Debug|x64.Build.0 = Debug|x64
		{C39FCBDC-EDED-4327-95BA-3B494FA59A8E}.Debug|x86.ActiveCfg = Debug|x86
		{C39FCBDC-EDED-4327-95BA-3B494FA59A8E}.Debug|x86.Build.0 = Debug|x86
		{C39FCBDC-EDED-4327-95BA-3B494FA59A8E}.Release|x64.ActiveCfg = Release|x64
		{C39FCBDC-EDED-4327-95BA-3B494FA59A8E}.Release|x64.Build.0 = Release|x64
		{C39FCBDC-EDED-4327-95BA-3B494FA59A8E}.Release|x86.ActiveCfg = Release|x86
		{C39FCBDC-EDED-4327-95BA-3B494FA59A8E}.Release|x86.Build.0 = Release|x86
		{B449E1F5-149C-4F47-BBFC-A82EEE96471A}.Debug|x64.ActiveCfg = Debug|x64
		{B449E1F5-149C-4F47-BBFC-A82EEE96471A}.Debug|x64.Build.0 = Debug|x64
		{B449E1F5-149C-4F47-BBFC-A82EEE96471A}.Debug|x86.ActiveCfg = Debug|x86
		{B449E1F5-149C-4F47-BBFC-A82EEE96471A}.Debug|x86.Build.0 = Debug|x86
		{B449E1F5-149C-4F47-BBFC-A82EEE96471A}.Release|x64.ActiveCfg = Release|x64
		{B449E1F5-149C-4F47-BBFC-A82EEE96471A}.Release|x64.Build.0 = Release|x64
		{B449E1F5-149C-4F47-BBFC-A82EEE96471A}.Release|x86.ActiveCfg = Release|x86
		{B449E1F5-149C-4F47-BBFC-A82EEE96471A}.Release|x86.Build.0 = Release|x86
		{161EAA8C-20C6-4B82-925A-4B8B112910AB}.Debug|x64.ActiveCfg = Debug|x64
		{161EAA8C-20C6-4B82-925A-4B8B112910AB}.Debug|x64.Build.0 = Debug|x64
		{161EAA8C-20C6-4B82-925A-4B8B112910AB}.Debug|x86.ActiveCfg = Debug|x86
		{161EAA8C-20C6-4B82-925A-4B8B112910AB}.Debug|x86.Build.0 = Debug|x86
		{161EAA8C-20C6-4B82-925A-4B8B112910AB}.Release|x64.ActiveCfg = Release|x64
		{161EAA8C-20C6-4B82-925A-4B8B112910AB}.Release|x64.Build.0 = Release|x64
		{161EAA8C-20C6-4B82-925A-4B8B112910AB}.Release|x86.ActiveCfg = Release|x86
		{161EAA8C-20C6-4B82-925A-4B8B112910AB}.Release|x86.Build.0 = Release|x86
		{4FF91A45-B361-4D8F-8C5B-03D11E5291E6}.Debug|x64.ActiveCfg = Debug|x64
		{4FF91A45-B361-4D8F-8C5B-03D11E5291E6}.Debug|x64.Build.0 = Debug|x64
		{4FF91A45-B361-4D8F-8C5B-03D11E5291E6}.Debug|x86.ActiveCfg = Debug|x86
		{4FF91A45-B361-4D8F-8C5B-03D11E5291E6}.Debug|x86.Build.0 = Debug|x86
		{4FF91A45-B361-4D8F-8C5B-03D11E5291E6}.Release|x64.ActiveCfg = Release|x64
		{4FF91A45-B361-4D8F-8C5B-03D11E5291E6}.Release|x64.Build.0 = Release|x64
		{4FF91A45-B361-4D8F-8C5B-03D11E5291E6}.Release|x86.ActiveCfg = Release|x86
		{4FF91A45-B361-4D8F-8C5B-03D11E5291E6}.Release|x86.Build.0 = Release|x86
		{02607DC2-E98B-43AE-B906-FE151A70A68D}.Debug|x64.ActiveCfg = Debug|x64
		{02607DC2-E98B-43AE-B906-FE151A70A68D}.Debug|x64.Build.0 = Debug|x64
		{02607DC2-E98B-43AE-B906-FE151A70A68D}.Debug|x86.ActiveCfg = Debug|x86
		{02607DC2-E98B-43AE-B906-FE151A70A68D}.Debug|x86.Build.0 = Debug|x86
		{02607DC2-E98B-43AE-B906-FE151A70A68D}.Release|x64.ActiveCfg = Release|x64
		{02607DC2-E98B-43AE-B906-FE151A70A68D}.Release|x64.Build.0 = Release|x64
		{02607DC2-E98B-43AE-B906-FE151A70A68D}.Release|x86.ActiveCfg = Release|x86
		{02607DC2-E98B-43AE-B906-FE151A70A68D}.Release|x86.Build.0 = Release|x86
		{DA55A92C-B4EE-4350-AC02-B6C25D795723}.Debug|x64.ActiveCfg = Debug|x64
		{DA55A92C-B4EE-4350-AC02-B6C25D795723}.Debug|x64.Build.0 = Debug|x64
		{DA55A92C-B4EE-4350-AC02-B6C25D795723}.Debug|x86.ActiveCfg = Debug|x86
		{DA55A92C-B4EE-4350-AC02-B6C25D795723}.Debug|x86.Build.0 = Debug|x86
		{DA55A92C-B4EE-4350-AC02-B6C25D795723}.Release|x64.ActiveCfg = Release|x64
		{DA55A92C-B4EE-4350-AC02-B6C25D795723}.Release|x64.Build.0 = Release|x64
		{DA55A92C-B4EE-4350-AC02-B6C25D795723}.Release|x86.ActiveCfg = Release|x86
		{DA55A92C-B4EE-4350-AC02-B6C25D795723}.Release|x86.Build.0 = Release|x86
		{8B815295-30CD-4825-8634-155776DEEE14}.Debug|x64.ActiveCfg = Debug|x64
		{8B815295-30CD-4825-8634-155776DEEE14}.Debug|x64.Build.0 = Debug|x64
		{8B815295-30CD-4825-8634-155776DEEE14}.Debug|x86.ActiveCfg = Debug|x86
		{8B815295-30CD-4825-8634-155776DEEE14}.Debug|x86.Build.0 = Debug|x86
		{8B815295-30CD-4825-8634-155776DEEE14}.Release|x64.ActiveCfg = Release|x64
		{8B815295-30CD-4825-8634-155776DEEE14}.Release|x64.Build.0 = Release|x64
		{8B815295-30CD-4825-8634-155776DEEE14}.Release|x86.ActiveCfg = Release|x86
		{8B815295-30CD-4825-8634-155776DEEE14}.Release|x86.Build.0 = Release|x86
		{886B34E8-755F-420C-8725-767EADD92996}.Debug|x64.ActiveCfg = Debug|x64
		{886B34E8-755F-420C-8725-767EADD92996}.Debug|x64.Build.0 = Debug|x64
		{886B34E8-755F-420C-8725-767EADD92996}.Debug|x86.ActiveCfg = Debug|x86
		{886B34E8-755F-420C-8725-767EADD92996}.Debug|x86.Build.0 = Debug|x86
		{886B34E8-755F-420C-8725-767EADD92996}.Release|x64.ActiveCfg = Release|x64
		{886B34E8-755F-420C-8725-767EADD92996}.Release|x64.Build.0 = Release|x64
		{886B34E8-755F-420C-8725-767EADD92996}.Release|x86.ActiveCfg = Release|x86
		{886B34E8-755F-420C-8725-767EADD92996}.Release|x86.Build.0 = Release|x86
		{0D009988-DE0E-4362-830D-7980BEB41F6F}.Debug|x64.ActiveCfg = Debug|x64
		{0D009988-DE0E-4362-830D-7980BEB41F6F}.Debug|x64.Build.0 = Debug|x64
		{0D009988-DE0E-4362-830D-7980BEB41F6F}.Debug|x86.ActiveCfg = Debug|x86
		{0D009988-DE0E-4362-830D-7980BEB41F6F}.Debug|x86.Build.0 = Debug|x86
		{0D009988-DE0E-4362-830D-7980BEB41F6F}.Release|x64.ActiveCfg = Release|x64
		{0D009988-DE0E-4362-830D-7980BEB41F6F}.Release|x64.Build.0 = Release|x64
		{0D009988-DE0E-4362-830D-7980BEB41F6F}.Release|x86.ActiveCfg = Release|x86
		{0D009988-DE0E-4362-830D-7980BEB41F6F}.Release|x86.Build.0 = Release|x86
		{6F404D32-4996-47B5-BADA-33BB8DD37160}.Debug|x64.ActiveCfg = Debug|x64
		{6F404D32-4996-47B5-BADA-33BB8DD37160}.Debug|x64.Build.0 = Debug|x64
		{6F404D32-4996-47B5-BADA-33BB8DD37160}.Debug|x86.ActiveCfg = Debug|x86
		{6F404D32-4996-47B5-BADA-33BB8DD37160}.Debug|x86.Build.0 = Debug|x86
		{6F404D32-4996-47B5-BADA-33BB8DD37160}.Release|x64.ActiveCfg = Release|x64
		{6F404D32-4996-47B5-BADA-33BB8DD37160}.Release|x64.Build.0 = Release|x64
		{6F404D32-4996-47B5-BADA-33BB8DD37160}.Release|x86.ActiveCfg = Release|x86
		{6F404D32-4996-47B5-BADA-33BB8DD37160}.Release|x86.Build.0 = Release|x86
		{9C89419D-F2A1-4882-8408-6708A038E025}.Debug|x64.ActiveCfg = Debug|x64
		{9C89419D-F2A1-4882-8408-6708A038E025}.Debug|x64.Build.0 = Debug|x64
		{9C89419D-F2A1-4882-8408-6708A038E025}.Debug|x86.ActiveCfg = Debug|x86
		{9C89419D-F2A1-4882-8408-6708A038E025}.Debug|x86.Build.0 = Debug|x86
		{9C89419D-F2A1-4882-8408-6708A038E025}.Release|x64.ActiveCfg = Release|x64
		{9C89419D-F2A1-4882-8408-6708A038E025}.Release|x64.Build.0 = Release|x64
		{9C89419D-F2A1-4882-8408-6708A038E025}.Release|x86.ActiveCfg = Release|x86
		{9C89419D-F2A1-4882-8408-6708A038E025}.Release|x86.Build.0 = Release|x86
	EndGlobalSection
	GlobalSection(SolutionProperties) = preSolution
		HideSolutionNode = FALSE
	EndGlobalSection
	GlobalSection(NestedProjects) = preSolution
		{C83E49F5-9884-4A95-BB30-E3138DC4FF86} = {0C80A341-45E9-4FD0-87F6-65976DEF71AB}
		{460F9AF5-9236-4661-B1AD-42E5CB44CABD} = {0C80A341-45E9-4FD0-87F6-65976DEF71AB}
		{C125AC66-5C9E-4B81-80B2-C9D2D72F9DB7} = {0C80A341-45E9-4FD0-87F6-65976DEF71AB}
		{161EAA8C-20C6-4B82-925A-4B8B112910AB} = {C83E49F5-9884-4A95-BB30-E3138DC4FF86}
		{4FF91A45-B361-4D8F-8C5B-03D11E5291E6} = {C83E49F5-9884-4A95-BB30-E3138DC4FF86}
		{02607DC2-E98B-43AE-B906-FE151A70A68D} = {460F9AF5-9236-4661-B1AD-42E5CB44CABD}
		{DA55A92C-B4EE-4350-AC02-B6C25D795723} = {C125AC66-5C9E-4B81-80B2-C9D2D72F9DB7}
		{8B815295-30CD-4825-8634-155776DEEE14} = {C125AC66-5C9E-4B81-80B2-C9D2D72F9DB7}
		{78B6301A-658E-472A-9390-9E6B7EFD1CF6} = {C125AC66-5C9E-4B81-80B2-C9D2D72F9DB7}
		{9C89419D-F2A1-4882-8408-6708A038E025} = {C125AC66-5C9E-4B81-80B2-C9D2D72F9DB7}
		{886B34E8-755F-420C-8725-767EADD92996} = {78B6301A-658E-472A-9390-9E6B7EFD1CF6}
		{0D009988-DE0E-4362-830D-7980BEB41F6F} = {78B6301A-658E-472A-9390-9E6B7EFD1CF6}
		{6F404D32-4996-47B5-BADA-33BB8DD37160} = {68E33B8D-8D5C-436B-881C-4EC52CC7723D}
	EndGlobalSection
EndGlobal
